
Microsoft Visual Studio Solution File, Format Version 12.00
# Visual Studio Version 17
VisualStudioVersion = 17.1.32328.378
MinimumVisualStudioVersion = 10.0.40219.1
Project("{9A19103F-16F7-4668-BE54-9A1E7A4F7556}") = "DataGridTest", "DataGridTest\DataGridTest.csproj", "{8CA6C5D5-A915-4573-AEF1-D4EA88C2562B}"
EndProject
Global
	GlobalSection(SolutionConfigurationPlatforms) = preSolution
		Debug|Any CPU = Debug|Any CPU
		Release|Any CPU = Release|Any CPU
	EndGlobalSection
	GlobalSection(ProjectConfigurationPlatforms) = postSolution
		{8CA6C5D5-A915-4573-AEF1-D4EA88C2562B}.Debug|Any CPU.ActiveCfg = Debug|Any CPU
		{8CA6C5D5-A915-4573-AEF1-D4EA88C2562B}.Debug|Any CPU.Build.0 = Debug|Any CPU
		{8CA6C5D5-A915-4573-AEF1-D4EA88C2562B}.Release|Any CPU.ActiveCfg = Release|Any CPU
		{8CA6C5D5-A915-4573-AEF1-D4EA88C2562B}.Release|Any CPU.Build.0 = Release|Any CPU
	EndGlobalSection
	GlobalSection(SolutionProperties) = preSolution
		HideSolutionNode = FALSE
	EndGlobalSection
	GlobalSection(ExtensibilityGlobals) = postSolution
		SolutionGuid = {C0A19510-EBFD-4C3E-A51B-53369759E1A2}
	EndGlobalSection
EndGlobal
